
Microsoft Visual Studio Solution File, Format Version 12.00
# Visual Studio Version 16
VisualStudioVersion = 16.0.29324.140
MinimumVisualStudioVersion = 10.0.40219.1
Project("{FAE04EC0-301F-11D3-BF4B-00C04F79EFBC}") = "BlazorIGAlpha", "BlazorIGAlpha\BlazorIGAlpha.csproj", "{BE92EE10-D6F0-4A62-BA32-E173DA3998BB}"
EndProject
Global
	GlobalSection(SolutionConfigurationPlatforms) = preSolution
		Debug|Any CPU = Debug|Any CPU
		Release|Any CPU = Release|Any CPU
	EndGlobalSection
	GlobalSection(ProjectConfigurationPlatforms) = postSolution
		{BE92EE10-D6F0-4A62-BA32-E173DA3998BB}.Debug|Any CPU.ActiveCfg = Debug|Any CPU
		{BE92EE10-D6F0-4A62-BA32-E173DA3998BB}.Debug|Any CPU.Build.0 = Debug|Any CPU
		{BE92EE10-D6F0-4A62-BA32-E173DA3998BB}.Release|Any CPU.ActiveCfg = Release|Any CPU
		{BE92EE10-D6F0-4A62-BA32-E173DA3998BB}.Release|Any CPU.Build.0 = Release|Any CPU
	EndGlobalSection
	GlobalSection(SolutionProperties) = preSolution
		HideSolutionNode = FALSE
	EndGlobalSection
	GlobalSection(ExtensibilityGlobals) = postSolution
		SolutionGuid = {59119630-5F4B-403E-81BA-33DB80A134CD}
	EndGlobalSection
EndGlobal
